
Microsoft Visual Studio Solution File, Format Version 12.00
# Visual Studio 15
VisualStudioVersion = 15.0.28307.1082
MinimumVisualStudioVersion = 10.0.40219.1
Project("{FAE04EC0-301F-11D3-BF4B-00C04F79EFBC}") = "Homework_10", "Homework_10\Homework_10.csproj", "{D0088721-D755-476F-A55E-F718EF520190}"
EndProject
Global
	GlobalSection(SolutionConfigurationPlatforms) = preSolution
		Debug|Any CPU = Debug|Any CPU
		Release|Any CPU = Release|Any CPU
	EndGlobalSection
	GlobalSection(ProjectConfigurationPlatforms) = postSolution
		{D0088721-D755-476F-A55E-F718EF520190}.Debug|Any CPU.ActiveCfg = Debug|Any CPU
		{D0088721-D755-476F-A55E-F718EF520190}.Debug|Any CPU.Build.0 = Debug|Any CPU
		{D0088721-D755-476F-A55E-F718EF520190}.Release|Any CPU.ActiveCfg = Release|Any CPU
		{D0088721-D755-476F-A55E-F718EF520190}.Release|Any CPU.Build.0 = Release|Any CPU
	EndGlobalSection
	GlobalSection(SolutionProperties) = preSolution
		HideSolutionNode = FALSE
	EndGlobalSection
	GlobalSection(ExtensibilityGlobals) = postSolution
		SolutionGuid = {77F45706-DF4F-4FD3-AED9-B45AAD8DA089}
	EndGlobalSection
EndGlobal
