
Microsoft Visual Studio Solution File, Format Version 12.00
# Visual Studio 15
VisualStudioVersion = 15.0.28307.1082
MinimumVisualStudioVersion = 10.0.40219.1
Project("{FAE04EC0-301F-11D3-BF4B-00C04F79EFBC}") = "Homework_08", "Homework_08\Homework_08.csproj", "{A484C315-51FB-4BB7-B834-948419BFFE5B}"
EndProject
Global
	GlobalSection(SolutionConfigurationPlatforms) = preSolution
		Debug|Any CPU = Debug|Any CPU
		Release|Any CPU = Release|Any CPU
	EndGlobalSection
	GlobalSection(ProjectConfigurationPlatforms) = postSolution
		{A484C315-51FB-4BB7-B834-948419BFFE5B}.Debug|Any CPU.ActiveCfg = Debug|Any CPU
		{A484C315-51FB-4BB7-B834-948419BFFE5B}.Debug|Any CPU.Build.0 = Debug|Any CPU
		{A484C315-51FB-4BB7-B834-948419BFFE5B}.Release|Any CPU.ActiveCfg = Release|Any CPU
		{A484C315-51FB-4BB7-B834-948419BFFE5B}.Release|Any CPU.Build.0 = Release|Any CPU
	EndGlobalSection
	GlobalSection(SolutionProperties) = preSolution
		HideSolutionNode = FALSE
	EndGlobalSection
	GlobalSection(ExtensibilityGlobals) = postSolution
		SolutionGuid = {3CC9B444-7B1B-4785-A605-72F141C352C8}
	EndGlobalSection
EndGlobal
