
Microsoft Visual Studio Solution File, Format Version 12.00
# Visual Studio 15
VisualStudioVersion = 15.0.28307.1082
MinimumVisualStudioVersion = 10.0.40219.1
Project("{FAE04EC0-301F-11D3-BF4B-00C04F79EFBC}") = "Homework_02", "Homework_02\Homework_02.csproj", "{C5AD2105-3C66-47AF-996C-56284E418BBC}"
EndProject
Project("{FAE04EC0-301F-11D3-BF4B-00C04F79EFBC}") = "01-PrimeNumber", "01-PrimeNumber\01-PrimeNumber.csproj", "{B966C52C-956C-492D-8D6C-9DA26BD7F367}"
EndProject
Project("{FAE04EC0-301F-11D3-BF4B-00C04F79EFBC}") = "02-Sum", "02-Sum\02-Sum.csproj", "{D847A369-4E57-4B1D-A711-3D50CA9EBB9E}"
EndProject
Project("{FAE04EC0-301F-11D3-BF4B-00C04F79EFBC}") = "03-EssierSieve", "03-EssierSieve\03-EssierSieve.csproj", "{C62BCD44-D38C-453C-84CA-656D95DD1499}"
EndProject
Project("{FAE04EC0-301F-11D3-BF4B-00C04F79EFBC}") = "04-ToeplitzMatrix", "04-ToeplitzMatrix\04-ToeplitzMatrix.csproj", "{E3DADC3D-DFEF-4737-8A0C-5FD12E1E676F}"
EndProject
Global
	GlobalSection(SolutionConfigurationPlatforms) = preSolution
		Debug|Any CPU = Debug|Any CPU
		Release|Any CPU = Release|Any CPU
	EndGlobalSection
	GlobalSection(ProjectConfigurationPlatforms) = postSolution
		{C5AD2105-3C66-47AF-996C-56284E418BBC}.Debug|Any CPU.ActiveCfg = Debug|Any CPU
		{C5AD2105-3C66-47AF-996C-56284E418BBC}.Debug|Any CPU.Build.0 = Debug|Any CPU
		{C5AD2105-3C66-47AF-996C-56284E418BBC}.Release|Any CPU.ActiveCfg = Release|Any CPU
		{C5AD2105-3C66-47AF-996C-56284E418BBC}.Release|Any CPU.Build.0 = Release|Any CPU
		{B966C52C-956C-492D-8D6C-9DA26BD7F367}.Debug|Any CPU.ActiveCfg = Debug|Any CPU
		{B966C52C-956C-492D-8D6C-9DA26BD7F367}.Debug|Any CPU.Build.0 = Debug|Any CPU
		{B966C52C-956C-492D-8D6C-9DA26BD7F367}.Release|Any CPU.ActiveCfg = Release|Any CPU
		{B966C52C-956C-492D-8D6C-9DA26BD7F367}.Release|Any CPU.Build.0 = Release|Any CPU
		{D847A369-4E57-4B1D-A711-3D50CA9EBB9E}.Debug|Any CPU.ActiveCfg = Debug|Any CPU
		{D847A369-4E57-4B1D-A711-3D50CA9EBB9E}.Debug|Any CPU.Build.0 = Debug|Any CPU
		{D847A369-4E57-4B1D-A711-3D50CA9EBB9E}.Release|Any CPU.ActiveCfg = Release|Any CPU
		{D847A369-4E57-4B1D-A711-3D50CA9EBB9E}.Release|Any CPU.Build.0 = Release|Any CPU
		{C62BCD44-D38C-453C-84CA-656D95DD1499}.Debug|Any CPU.ActiveCfg = Debug|Any CPU
		{C62BCD44-D38C-453C-84CA-656D95DD1499}.Debug|Any CPU.Build.0 = Debug|Any CPU
		{C62BCD44-D38C-453C-84CA-656D95DD1499}.Release|Any CPU.ActiveCfg = Release|Any CPU
		{C62BCD44-D38C-453C-84CA-656D95DD1499}.Release|Any CPU.Build.0 = Release|Any CPU
		{E3DADC3D-DFEF-4737-8A0C-5FD12E1E676F}.Debug|Any CPU.ActiveCfg = Debug|Any CPU
		{E3DADC3D-DFEF-4737-8A0C-5FD12E1E676F}.Debug|Any CPU.Build.0 = Debug|Any CPU
		{E3DADC3D-DFEF-4737-8A0C-5FD12E1E676F}.Release|Any CPU.ActiveCfg = Release|Any CPU
		{E3DADC3D-DFEF-4737-8A0C-5FD12E1E676F}.Release|Any CPU.Build.0 = Release|Any CPU
	EndGlobalSection
	GlobalSection(SolutionProperties) = preSolution
		HideSolutionNode = FALSE
	EndGlobalSection
	GlobalSection(ExtensibilityGlobals) = postSolution
		SolutionGuid = {9899A420-DD19-4DC0-A87F-3486272E8785}
	EndGlobalSection
EndGlobal
