
Microsoft Visual Studio Solution File, Format Version 12.00
# Visual Studio 15
VisualStudioVersion = 15.0.28307.1082
MinimumVisualStudioVersion = 10.0.40219.1
Project("{FAE04EC0-301F-11D3-BF4B-00C04F79EFBC}") = "Homework_09", "Homework_09\Homework_09.csproj", "{242AABC5-7DEF-4EB9-9154-A53E56334737}"
EndProject
Global
	GlobalSection(SolutionConfigurationPlatforms) = preSolution
		Debug|Any CPU = Debug|Any CPU
		Release|Any CPU = Release|Any CPU
	EndGlobalSection
	GlobalSection(ProjectConfigurationPlatforms) = postSolution
		{242AABC5-7DEF-4EB9-9154-A53E56334737}.Debug|Any CPU.ActiveCfg = Debug|Any CPU
		{242AABC5-7DEF-4EB9-9154-A53E56334737}.Debug|Any CPU.Build.0 = Debug|Any CPU
		{242AABC5-7DEF-4EB9-9154-A53E56334737}.Release|Any CPU.ActiveCfg = Release|Any CPU
		{242AABC5-7DEF-4EB9-9154-A53E56334737}.Release|Any CPU.Build.0 = Release|Any CPU
	EndGlobalSection
	GlobalSection(SolutionProperties) = preSolution
		HideSolutionNode = FALSE
	EndGlobalSection
	GlobalSection(ExtensibilityGlobals) = postSolution
		SolutionGuid = {D4412FF4-DE59-4807-880E-086492939CB5}
	EndGlobalSection
EndGlobal
