
Microsoft Visual Studio Solution File, Format Version 12.00
# Visual Studio 15
VisualStudioVersion = 15.0.28307.1082
MinimumVisualStudioVersion = 10.0.40219.1
Project("{FAE04EC0-301F-11D3-BF4B-00C04F79EFBC}") = "Homework_03", "Homework_03\Homework_03.csproj", "{6E1FEEB8-2D0F-4DF2-9560-8A06CC2BB55E}"
EndProject
Project("{FAE04EC0-301F-11D3-BF4B-00C04F79EFBC}") = "01-Graphics", "01-Graphics\01-Graphics.csproj", "{65C561CF-4541-45DC-ABD6-2CF34A226A55}"
EndProject
Project("{FAE04EC0-301F-11D3-BF4B-00C04F79EFBC}") = "02-SumOfArea", "02-SumOfArea\02-SumOfArea.csproj", "{78A754A5-F5B8-41BD-BCCF-1854909F0EB7}"
EndProject
Global
	GlobalSection(SolutionConfigurationPlatforms) = preSolution
		Debug|Any CPU = Debug|Any CPU
		Release|Any CPU = Release|Any CPU
	EndGlobalSection
	GlobalSection(ProjectConfigurationPlatforms) = postSolution
		{6E1FEEB8-2D0F-4DF2-9560-8A06CC2BB55E}.Debug|Any CPU.ActiveCfg = Debug|Any CPU
		{6E1FEEB8-2D0F-4DF2-9560-8A06CC2BB55E}.Debug|Any CPU.Build.0 = Debug|Any CPU
		{6E1FEEB8-2D0F-4DF2-9560-8A06CC2BB55E}.Release|Any CPU.ActiveCfg = Release|Any CPU
		{6E1FEEB8-2D0F-4DF2-9560-8A06CC2BB55E}.Release|Any CPU.Build.0 = Release|Any CPU
		{65C561CF-4541-45DC-ABD6-2CF34A226A55}.Debug|Any CPU.ActiveCfg = Debug|Any CPU
		{65C561CF-4541-45DC-ABD6-2CF34A226A55}.Debug|Any CPU.Build.0 = Debug|Any CPU
		{65C561CF-4541-45DC-ABD6-2CF34A226A55}.Release|Any CPU.ActiveCfg = Release|Any CPU
		{65C561CF-4541-45DC-ABD6-2CF34A226A55}.Release|Any CPU.Build.0 = Release|Any CPU
		{78A754A5-F5B8-41BD-BCCF-1854909F0EB7}.Debug|Any CPU.ActiveCfg = Debug|Any CPU
		{78A754A5-F5B8-41BD-BCCF-1854909F0EB7}.Debug|Any CPU.Build.0 = Debug|Any CPU
		{78A754A5-F5B8-41BD-BCCF-1854909F0EB7}.Release|Any CPU.ActiveCfg = Release|Any CPU
		{78A754A5-F5B8-41BD-BCCF-1854909F0EB7}.Release|Any CPU.Build.0 = Release|Any CPU
	EndGlobalSection
	GlobalSection(SolutionProperties) = preSolution
		HideSolutionNode = FALSE
	EndGlobalSection
	GlobalSection(ExtensibilityGlobals) = postSolution
		SolutionGuid = {01D139B9-91E3-472B-A8E5-39E790ACD59A}
	EndGlobalSection
EndGlobal
