
Microsoft Visual Studio Solution File, Format Version 12.00
# Visual Studio 15
VisualStudioVersion = 15.0.28307.1082
MinimumVisualStudioVersion = 10.0.40219.1
Project("{FAE04EC0-301F-11D3-BF4B-00C04F79EFBC}") = "Homework_04", "Homework_04\Homework_04.csproj", "{FB0F1578-36D6-48CC-AAFA-94384B873F46}"
EndProject
Project("{FAE04EC0-301F-11D3-BF4B-00C04F79EFBC}") = "01-Calculate", "01-Calculate\01-Calculate.csproj", "{10588AD4-D260-4708-B83A-C80BF708C9A0}"
EndProject
Project("{FAE04EC0-301F-11D3-BF4B-00C04F79EFBC}") = "02-AlarmClock", "02-AlarmClock\02-AlarmClock.csproj", "{38D577CD-5D9C-4BB1-B402-574880A84420}"
EndProject
Global
	GlobalSection(SolutionConfigurationPlatforms) = preSolution
		Debug|Any CPU = Debug|Any CPU
		Release|Any CPU = Release|Any CPU
	EndGlobalSection
	GlobalSection(ProjectConfigurationPlatforms) = postSolution
		{FB0F1578-36D6-48CC-AAFA-94384B873F46}.Debug|Any CPU.ActiveCfg = Debug|Any CPU
		{FB0F1578-36D6-48CC-AAFA-94384B873F46}.Debug|Any CPU.Build.0 = Debug|Any CPU
		{FB0F1578-36D6-48CC-AAFA-94384B873F46}.Release|Any CPU.ActiveCfg = Release|Any CPU
		{FB0F1578-36D6-48CC-AAFA-94384B873F46}.Release|Any CPU.Build.0 = Release|Any CPU
		{10588AD4-D260-4708-B83A-C80BF708C9A0}.Debug|Any CPU.ActiveCfg = Debug|Any CPU
		{10588AD4-D260-4708-B83A-C80BF708C9A0}.Debug|Any CPU.Build.0 = Debug|Any CPU
		{10588AD4-D260-4708-B83A-C80BF708C9A0}.Release|Any CPU.ActiveCfg = Release|Any CPU
		{10588AD4-D260-4708-B83A-C80BF708C9A0}.Release|Any CPU.Build.0 = Release|Any CPU
		{38D577CD-5D9C-4BB1-B402-574880A84420}.Debug|Any CPU.ActiveCfg = Debug|Any CPU
		{38D577CD-5D9C-4BB1-B402-574880A84420}.Debug|Any CPU.Build.0 = Debug|Any CPU
		{38D577CD-5D9C-4BB1-B402-574880A84420}.Release|Any CPU.ActiveCfg = Release|Any CPU
		{38D577CD-5D9C-4BB1-B402-574880A84420}.Release|Any CPU.Build.0 = Release|Any CPU
	EndGlobalSection
	GlobalSection(SolutionProperties) = preSolution
		HideSolutionNode = FALSE
	EndGlobalSection
	GlobalSection(ExtensibilityGlobals) = postSolution
		SolutionGuid = {E87761B6-7E39-4B7E-A1B9-BE2583D8DEE4}
	EndGlobalSection
EndGlobal
